{
  "name": "learn-variable-fonts-and-symbols",
  "version": "1.0.0",
  "lockfileVersion": 1,
  "requires": true,
  "dependencies": {
    "@lit/reactive-element": {
      "version": "1.2.2",
      "resolved": "https://registry.npmjs.org/@lit/reactive-element/-/reactive-element-1.2.2.tgz",
      "integrity": "sha512-HkhTTO2rT8jlf4izz7ME/+YUjqz+ZHgmnOKorA+7tkDmQDg6QzDpWSFz//1YyiL193W4bc7rlQCiYyFiZa9pkQ=="
    },
    "@material/animation": {
      "version": "14.0.0-canary.261f2db59.0",
      "resolved": "https://registry.npmjs.org/@material/animation/-/animation-14.0.0-canary.261f2db59.0.tgz",
      "integrity": "sha512-OjxWJYSRNs4vnPe8NclaNn+TsNc8TR/wHusGtezF5F+wl+5mh+K69BMXAmURtq3idoRg4XaOSC/Ohk1ovD1fMQ==",
      "requires": {
        "tslib": "^2.1.0"
      }
    },
    "@material/base": {
      "version": "14.0.0-canary.261f2db59.0",
      "resolved": "https://registry.npmjs.org/@material/base/-/base-14.0.0-canary.261f2db59.0.tgz",
      "integrity": "sha512-vy5SQt+jcwwdRFfBvtpVdpULUBujecVUKOXcopaQoi2XIzI5EBHuR4gPN0cd1yfmVEucD6p2fvVv2FJ3Ngr61w==",
      "requires": {
        "tslib": "^2.1.0"
      }
    },
    "@material/button": {
      "version": "14.0.0-canary.261f2db59.0",
      "resolved": "https://registry.npmjs.org/@material/button/-/button-14.0.0-canary.261f2db59.0.tgz",
      "integrity": "sha512-DB0MAvdIGWKuFwlQ57hjv7ZuHIioT2mnG7RWtL7ZoCWoY45nCrsbJirmX5zZFipm9gIOJ3YnIkIrUyMVSrDX+g==",
      "requires": {
        "@material/density": "14.0.0-canary.261f2db59.0",
        "@material/dom": "14.0.0-canary.261f2db59.0",
        "@material/elevation": "14.0.0-canary.261f2db59.0",
        "@material/feature-targeting": "14.0.0-canary.261f2db59.0",
        "@material/ripple": "14.0.0-canary.261f2db59.0",
        "@material/rtl": "14.0.0-canary.261f2db59.0",
        "@material/shape": "14.0.0-canary.261f2db59.0",
        "@material/theme": "14.0.0-canary.261f2db59.0",
        "@material/tokens": "14.0.0-canary.261f2db59.0",
        "@material/touch-target": "14.0.0-canary.261f2db59.0",
        "@material/typography": "14.0.0-canary.261f2db59.0",
        "tslib": "^2.1.0"
      }
    },
    "@material/density": {
      "version": "14.0.0-canary.261f2db59.0",
      "resolved": "https://registry.npmjs.org/@material/density/-/density-14.0.0-canary.261f2db59.0.tgz",
      "integrity": "sha512-zOR5wISqPVr8KS/ERNC1jdRV9O832lzclyS9Ea20rDrWfuOiYsQ9bbIk12xWlxpgsn7r9fxQJyd1O2SURoHdRA==",
      "requires": {
        "tslib": "^2.1.0"
      }
    },
    "@material/dom": {
      "version": "14.0.0-canary.261f2db59.0",
      "resolved": "https://registry.npmjs.org/@material/dom/-/dom-14.0.0-canary.261f2db59.0.tgz",
      "integrity": "sha512-iUpZG6Bb2l/PfNV2Fb/pXfG1p4Bz4PC9A7ATPlKfcU5HioObcnYVc/+Hrtaw8eu28BNIc+VVROtbfpqG/YgKSQ==",
      "requires": {
        "@material/feature-targeting": "14.0.0-canary.261f2db59.0",
        "tslib": "^2.1.0"
      }
    },
    "@material/elevation": {
      "version": "14.0.0-canary.261f2db59.0",
      "resolved": "https://registry.npmjs.org/@material/elevation/-/elevation-14.0.0-canary.261f2db59.0.tgz",
      "integrity": "sha512-AqN/tsTGGyBzZ7CtoSMBY9bDYvCuUt98EUfiGjZGXcf4HgoHV3Cn/JSLrhru5Cq8Nx6HF6AmHh3dQCfNCQduew==",
      "requires": {
        "@material/animation": "14.0.0-canary.261f2db59.0",
        "@material/base": "14.0.0-canary.261f2db59.0",
        "@material/feature-targeting": "14.0.0-canary.261f2db59.0",
        "@material/rtl": "14.0.0-canary.261f2db59.0",
        "@material/theme": "14.0.0-canary.261f2db59.0",
        "tslib": "^2.1.0"
      }
    },
    "@material/feature-targeting": {
      "version": "14.0.0-canary.261f2db59.0",
      "resolved": "https://registry.npmjs.org/@material/feature-targeting/-/feature-targeting-14.0.0-canary.261f2db59.0.tgz",
      "integrity": "sha512-CrVoGNu0ym52OPEKy3kgeNL2oSWOCBYbYxSH3GhERxCq5FwGBN+XmK/ZDLFVQlHYy3v8x4TqVEwXviCeumNTxQ==",
      "requires": {
        "tslib": "^2.1.0"
      }
    },
    "@material/icon-button": {
      "version": "14.0.0-canary.261f2db59.0",
      "resolved": "https://registry.npmjs.org/@material/icon-button/-/icon-button-14.0.0-canary.261f2db59.0.tgz",
      "integrity": "sha512-9P6cjRqKtjE6ML+r5yz0ExU/f2KLdNabHQxmO6RpKd/FnjTyP1NcWqqj8dsvo/DZ7mOtT1MIThgkQDdiMqcYLg==",
      "requires": {
        "@material/base": "14.0.0-canary.261f2db59.0",
        "@material/density": "14.0.0-canary.261f2db59.0",
        "@material/elevation": "14.0.0-canary.261f2db59.0",
        "@material/feature-targeting": "14.0.0-canary.261f2db59.0",
        "@material/ripple": "14.0.0-canary.261f2db59.0",
        "@material/rtl": "14.0.0-canary.261f2db59.0",
        "@material/theme": "14.0.0-canary.261f2db59.0",
        "@material/touch-target": "14.0.0-canary.261f2db59.0",
        "tslib": "^2.1.0"
      }
    },
    "@material/mwc-base": {
      "version": "0.25.3",
      "resolved": "https://registry.npmjs.org/@material/mwc-base/-/mwc-base-0.25.3.tgz",
      "integrity": "sha512-4wvxZ9dhPr0O4jjOHPmFyn77pafe+h1gHPlT9sbQ+ly8NY/fSn/TXn7/PbxgL8g4ZHxMvD3o7PJopg+6cbHp8Q==",
      "requires": {
        "@lit/reactive-element": "1.0.0-rc.4",
        "@material/base": "=14.0.0-canary.261f2db59.0",
        "@material/dom": "=14.0.0-canary.261f2db59.0",
        "lit": "^2.0.0",
        "tslib": "^2.0.1"
      },
      "dependencies": {
        "@lit/reactive-element": {
          "version": "1.0.0-rc.4",
          "resolved": "https://registry.npmjs.org/@lit/reactive-element/-/reactive-element-1.0.0-rc.4.tgz",
          "integrity": "sha512-dJMha+4NFYdpnUJzRrWTFV5Hdp9QHWFuPnaoqonrKl4lGJVnYez9mu8ev9F/5KM47tjAjh22DuRHrdFDHfOijA=="
        }
      }
    },
    "@material/mwc-icon-button": {
      "version": "0.25.3",
      "resolved": "https://registry.npmjs.org/@material/mwc-icon-button/-/mwc-icon-button-0.25.3.tgz",
      "integrity": "sha512-FexkMpK3ZSHh7NF+PIqvVhvAbBOgFDYPck/lqnxIDC3VGJ0rjD/1MqevDy2fY6IcHGlc8Ai7VuYbdQ6Cvw8WcQ==",
      "requires": {
        "@material/mwc-ripple": "^0.25.3",
        "lit": "^2.0.0",
        "tslib": "^2.0.1"
      }
    },
    "@material/mwc-ripple": {
      "version": "0.25.3",
      "resolved": "https://registry.npmjs.org/@material/mwc-ripple/-/mwc-ripple-0.25.3.tgz",
      "integrity": "sha512-G/gt/csxgME6/sAku3GiuB0O2LLvoPWsRTLq/9iABpaGLJjqaKHvNg/IVzNDdF3YZT7EORgR9cBWWl7umA4i4Q==",
      "requires": {
        "@material/dom": "=14.0.0-canary.261f2db59.0",
        "@material/mwc-base": "^0.25.3",
        "@material/ripple": "=14.0.0-canary.261f2db59.0",
        "lit": "^2.0.0",
        "tslib": "^2.0.1"
      }
    },
    "@material/mwc-slider": {
      "version": "0.25.3",
      "resolved": "https://registry.npmjs.org/@material/mwc-slider/-/mwc-slider-0.25.3.tgz",
      "integrity": "sha512-HhjOwi9s/ssGrMaeOwvVXAZQJ3RQc7qKBe7KBA4diRF3Fe4UvjtFsXJN5eZAXmi0LwZPWNnzxKP1JAQBcJWszQ==",
      "requires": {
        "@material/dom": "=14.0.0-canary.261f2db59.0",
        "@material/mwc-base": "^0.25.3",
        "@material/mwc-ripple": "^0.25.3",
        "@material/slider": "=14.0.0-canary.261f2db59.0",
        "lit": "^2.0.0",
        "tslib": "^2.0.1"
      }
    },
    "@material/mwc-snackbar": {
      "version": "0.25.3",
      "resolved": "https://registry.npmjs.org/@material/mwc-snackbar/-/mwc-snackbar-0.25.3.tgz",
      "integrity": "sha512-DJyWQl1rksv502qLQta81YQ3q3iy0GlVQcXZq88nBG9o64070qZW92rfZmiQ63MRwGbdNmrUFZ3QBoClY1JpFg==",
      "requires": {
        "@material/mwc-base": "^0.25.3",
        "@material/snackbar": "=14.0.0-canary.261f2db59.0",
        "lit": "^2.0.0",
        "tslib": "^2.0.1"
      }
    },
    "@material/ripple": {
      "version": "14.0.0-canary.261f2db59.0",
      "resolved": "https://registry.npmjs.org/@material/ripple/-/ripple-14.0.0-canary.261f2db59.0.tgz",
      "integrity": "sha512-3FLCLj8X7KrFfuYBHJg1b7Odb3V/AW7fxk3m1i1zhDnygKmlQ/abVucH1s2qbX3Y+JIiq+5/C5407h9BFtOf+A==",
      "requires": {
        "@material/animation": "14.0.0-canary.261f2db59.0",
        "@material/base": "14.0.0-canary.261f2db59.0",
        "@material/dom": "14.0.0-canary.261f2db59.0",
        "@material/feature-targeting": "14.0.0-canary.261f2db59.0",
        "@material/rtl": "14.0.0-canary.261f2db59.0",
        "@material/theme": "14.0.0-canary.261f2db59.0",
        "tslib": "^2.1.0"
      }
    },
    "@material/rtl": {
      "version": "14.0.0-canary.261f2db59.0",
      "resolved": "https://registry.npmjs.org/@material/rtl/-/rtl-14.0.0-canary.261f2db59.0.tgz",
      "integrity": "sha512-bVnXBbUsHs57+EXdeFbcwaKy3lT/itI/qTLmJ88ar0qaGEujO1GmESHm3ioqkeo4kQpTfDhBwQGeEi1aDaTdFg==",
      "requires": {
        "@material/theme": "14.0.0-canary.261f2db59.0",
        "tslib": "^2.1.0"
      }
    },
    "@material/shape": {
      "version": "14.0.0-canary.261f2db59.0",
      "resolved": "https://registry.npmjs.org/@material/shape/-/shape-14.0.0-canary.261f2db59.0.tgz",
      "integrity": "sha512-VjcQltd1uF9ugvLExMy00SMISjy/370o8lsZlb1T+xHyhXHL3UxeuWYLW5Amq6mbx65+c9Df9WmlXXOdebpEkw==",
      "requires": {
        "@material/feature-targeting": "14.0.0-canary.261f2db59.0",
        "@material/rtl": "14.0.0-canary.261f2db59.0",
        "@material/theme": "14.0.0-canary.261f2db59.0",
        "tslib": "^2.1.0"
      }
    },
    "@material/slider": {
      "version": "14.0.0-canary.261f2db59.0",
      "resolved": "https://registry.npmjs.org/@material/slider/-/slider-14.0.0-canary.261f2db59.0.tgz",
      "integrity": "sha512-JoTlKGDf5+Ao0JNNlpiNM1h3TezhOELpM8dmCs1IwCzw7pWepihSa4oXemdDadHKAYM0HOIo2OQVcark96/WSQ==",
      "requires": {
        "@material/animation": "14.0.0-canary.261f2db59.0",
        "@material/base": "14.0.0-canary.261f2db59.0",
        "@material/dom": "14.0.0-canary.261f2db59.0",
        "@material/elevation": "14.0.0-canary.261f2db59.0",
        "@material/feature-targeting": "14.0.0-canary.261f2db59.0",
        "@material/ripple": "14.0.0-canary.261f2db59.0",
        "@material/rtl": "14.0.0-canary.261f2db59.0",
        "@material/theme": "14.0.0-canary.261f2db59.0",
        "@material/typography": "14.0.0-canary.261f2db59.0",
        "tslib": "^2.1.0"
      }
    },
    "@material/snackbar": {
      "version": "14.0.0-canary.261f2db59.0",
      "resolved": "https://registry.npmjs.org/@material/snackbar/-/snackbar-14.0.0-canary.261f2db59.0.tgz",
      "integrity": "sha512-RLxO0dWBmhU+3y/PCYN0oiQUvzw8cdeFLmiUN9BPn2unwmTPp5nUdaTde7TQ93vRNidyPtDnkEFnflunDCk2Ew==",
      "requires": {
        "@material/animation": "14.0.0-canary.261f2db59.0",
        "@material/base": "14.0.0-canary.261f2db59.0",
        "@material/button": "14.0.0-canary.261f2db59.0",
        "@material/dom": "14.0.0-canary.261f2db59.0",
        "@material/elevation": "14.0.0-canary.261f2db59.0",
        "@material/feature-targeting": "14.0.0-canary.261f2db59.0",
        "@material/icon-button": "14.0.0-canary.261f2db59.0",
        "@material/ripple": "14.0.0-canary.261f2db59.0",
        "@material/rtl": "14.0.0-canary.261f2db59.0",
        "@material/shape": "14.0.0-canary.261f2db59.0",
        "@material/theme": "14.0.0-canary.261f2db59.0",
        "@material/typography": "14.0.0-canary.261f2db59.0",
        "tslib": "^2.1.0"
      }
    },
    "@material/theme": {
      "version": "14.0.0-canary.261f2db59.0",
      "resolved": "https://registry.npmjs.org/@material/theme/-/theme-14.0.0-canary.261f2db59.0.tgz",
      "integrity": "sha512-bUqyFT0QF8Nxx02fekt3CXIfC9DEPOPdo2hjgdtvhrNP+vftbkI2tKZ5/uRUnVA+zqQAOyIl5z6FOMg4fyemCA==",
      "requires": {
        "@material/feature-targeting": "14.0.0-canary.261f2db59.0",
        "tslib": "^2.1.0"
      }
    },
    "@material/tokens": {
      "version": "14.0.0-canary.261f2db59.0",
      "resolved": "https://registry.npmjs.org/@material/tokens/-/tokens-14.0.0-canary.261f2db59.0.tgz",
      "integrity": "sha512-mgar9gsLv00HTvXIDvNR1vEEXpfKgeWhVTO8a7aWofSNyENNOVc5ImJwBgCAMb5SgLHBi6w8/c1tPzjOewBfCA==",
      "requires": {
        "@material/elevation": "14.0.0-canary.261f2db59.0"
      }
    },
    "@material/touch-target": {
      "version": "14.0.0-canary.261f2db59.0",
      "resolved": "https://registry.npmjs.org/@material/touch-target/-/touch-target-14.0.0-canary.261f2db59.0.tgz",
      "integrity": "sha512-xA6TTHN7aOTXg/+c6mQJlogzTD+Sp8WPC5TK8RBXbQxEykGXGW15p+H9pG+rX/gzD5iehnHRBrDUFmAGoskhcQ==",
      "requires": {
        "@material/base": "14.0.0-canary.261f2db59.0",
        "@material/feature-targeting": "14.0.0-canary.261f2db59.0",
        "@material/rtl": "14.0.0-canary.261f2db59.0",
        "tslib": "^2.1.0"
      }
    },
    "@material/typography": {
      "version": "14.0.0-canary.261f2db59.0",
      "resolved": "https://registry.npmjs.org/@material/typography/-/typography-14.0.0-canary.261f2db59.0.tgz",
      "integrity": "sha512-WOCdcNkD5KBRAwICcRqWBRG3cDkyrwK5USTNmG0oxnwnZAN7daOpPTdLppVAhadE7faj8d67ON+V9pH7+T62FQ==",
      "requires": {
        "@material/feature-targeting": "14.0.0-canary.261f2db59.0",
        "@material/theme": "14.0.0-canary.261f2db59.0",
        "tslib": "^2.1.0"
      }
    },
    "@types/node": {
      "version": "15.14.9",
      "resolved": "https://registry.npmjs.org/@types/node/-/node-15.14.9.tgz",
      "integrity": "sha512-qjd88DrCxupx/kJD5yQgZdcYKZKSIGBVDIBE1/LTGcNm3d2Np/jxojkdePDdfnBHJc5W7vSMpbJ1aB7p/Py69A==",
      "dev": true
    },
    "@types/trusted-types": {
      "version": "2.0.2",
      "resolved": "https://registry.npmjs.org/@types/trusted-types/-/trusted-types-2.0.2.tgz",
      "integrity": "sha512-F5DIZ36YVLE+PN+Zwws4kJogq47hNgX3Nx6WyDJ3kcplxyke3XIzB8uK5n/Lpm1HBsbGzd6nmGehL8cPekP+Tg=="
    },
    "esbuild": {
      "version": "0.14.23",
      "resolved": "https://registry.npmjs.org/esbuild/-/esbuild-0.14.23.tgz",
      "integrity": "sha512-XjnIcZ9KB6lfonCa+jRguXyRYcldmkyZ99ieDksqW/C8bnyEX299yA4QH2XcgijCgaddEZePPTgvx/2imsq7Ig==",
      "dev": true,
      "requires": {
        "esbuild-android-arm64": "0.14.23",
        "esbuild-darwin-64": "0.14.23",
        "esbuild-darwin-arm64": "0.14.23",
        "esbuild-freebsd-64": "0.14.23",
        "esbuild-freebsd-arm64": "0.14.23",
        "esbuild-linux-32": "0.14.23",
        "esbuild-linux-64": "0.14.23",
        "esbuild-linux-arm": "0.14.23",
        "esbuild-linux-arm64": "0.14.23",
        "esbuild-linux-mips64le": "0.14.23",
        "esbuild-linux-ppc64le": "0.14.23",
        "esbuild-linux-riscv64": "0.14.23",
        "esbuild-linux-s390x": "0.14.23",
        "esbuild-netbsd-64": "0.14.23",
        "esbuild-openbsd-64": "0.14.23",
        "esbuild-sunos-64": "0.14.23",
        "esbuild-windows-32": "0.14.23",
        "esbuild-windows-64": "0.14.23",
        "esbuild-windows-arm64": "0.14.23"
      }
    },
    "esbuild-android-arm64": {
      "version": "0.14.23",
      "resolved": "https://registry.npmjs.org/esbuild-android-arm64/-/esbuild-android-arm64-0.14.23.tgz",
      "integrity": "sha512-k9sXem++mINrZty1v4FVt6nC5BQCFG4K2geCIUUqHNlTdFnuvcqsY7prcKZLFhqVC1rbcJAr9VSUGFL/vD4vsw==",
      "dev": true,
      "optional": true
    },
    "esbuild-darwin-64": {
      "version": "0.14.23",
      "resolved": "https://registry.npmjs.org/esbuild-darwin-64/-/esbuild-darwin-64-0.14.23.tgz",
      "integrity": "sha512-lB0XRbtOYYL1tLcYw8BoBaYsFYiR48RPrA0KfA/7RFTr4MV7Bwy/J4+7nLsVnv9FGuQummM3uJ93J3ptaTqFug==",
      "dev": true,
      "optional": true
    },
    "esbuild-darwin-arm64": {
      "version": "0.14.23",
      "resolved": "https://registry.npmjs.org/esbuild-darwin-arm64/-/esbuild-darwin-arm64-0.14.23.tgz",
      "integrity": "sha512-yat73Z/uJ5tRcfRiI4CCTv0FSnwErm3BJQeZAh+1tIP0TUNh6o+mXg338Zl5EKChD+YGp6PN+Dbhs7qa34RxSw==",
      "dev": true,
      "optional": true
    },
    "esbuild-freebsd-64": {
      "version": "0.14.23",
      "resolved": "https://registry.npmjs.org/esbuild-freebsd-64/-/esbuild-freebsd-64-0.14.23.tgz",
      "integrity": "sha512-/1xiTjoLuQ+LlbfjJdKkX45qK/M7ARrbLmyf7x3JhyQGMjcxRYVR6Dw81uH3qlMHwT4cfLW4aEVBhP1aNV7VsA==",
      "dev": true,
      "optional": true
    },
    "esbuild-freebsd-arm64": {
      "version": "0.14.23",
      "resolved": "https://registry.npmjs.org/esbuild-freebsd-arm64/-/esbuild-freebsd-arm64-0.14.23.tgz",
      "integrity": "sha512-uyPqBU/Zcp6yEAZS4LKj5jEE0q2s4HmlMBIPzbW6cTunZ8cyvjG6YWpIZXb1KK3KTJDe62ltCrk3VzmWHp+iLg==",
      "dev": true,
      "optional": true
    },
    "esbuild-linux-32": {
      "version": "0.14.23",
      "resolved": "https://registry.npmjs.org/esbuild-linux-32/-/esbuild-linux-32-0.14.23.tgz",
      "integrity": "sha512-37R/WMkQyUfNhbH7aJrr1uCjDVdnPeTHGeDhZPUNhfoHV0lQuZNCKuNnDvlH/u/nwIYZNdVvz1Igv5rY/zfrzQ==",
      "dev": true,
      "optional": true
    },
    "esbuild-linux-64": {
      "version": "0.14.23",
      "resolved": "https://registry.npmjs.org/esbuild-linux-64/-/esbuild-linux-64-0.14.23.tgz",
      "integrity": "sha512-H0gztDP60qqr8zoFhAO64waoN5yBXkmYCElFklpd6LPoobtNGNnDe99xOQm28+fuD75YJ7GKHzp/MLCLhw2+vQ==",
      "dev": true,
      "optional": true
    },
    "esbuild-linux-arm": {
      "version": "0.14.23",
      "resolved": "https://registry.npmjs.org/esbuild-linux-arm/-/esbuild-linux-arm-0.14.23.tgz",
      "integrity": "sha512-x64CEUxi8+EzOAIpCUeuni0bZfzPw/65r8tC5cy5zOq9dY7ysOi5EVQHnzaxS+1NmV+/RVRpmrzGw1QgY2Xpmw==",
      "dev": true,
      "optional": true
    },
    "esbuild-linux-arm64": {
      "version": "0.14.23",
      "resolved": "https://registry.npmjs.org/esbuild-linux-arm64/-/esbuild-linux-arm64-0.14.23.tgz",
      "integrity": "sha512-c4MLOIByNHR55n3KoYf9hYDfBRghMjOiHLaoYLhkQkIabb452RWi+HsNgB41sUpSlOAqfpqKPFNg7VrxL3UX9g==",
      "dev": true,
      "optional": true
    },
    "esbuild-linux-mips64le": {
      "version": "0.14.23",
      "resolved": "https://registry.npmjs.org/esbuild-linux-mips64le/-/esbuild-linux-mips64le-0.14.23.tgz",
      "integrity": "sha512-kHKyKRIAedYhKug2EJpyJxOUj3VYuamOVA1pY7EimoFPzaF3NeY7e4cFBAISC/Av0/tiV0xlFCt9q0HJ68IBIw==",
      "dev": true,
      "optional": true
    },
    "esbuild-linux-ppc64le": {
      "version": "0.14.23",
      "resolved": "https://registry.npmjs.org/esbuild-linux-ppc64le/-/esbuild-linux-ppc64le-0.14.23.tgz",
      "integrity": "sha512-7ilAiJEPuJJnJp/LiDO0oJm5ygbBPzhchJJh9HsHZzeqO+3PUzItXi+8PuicY08r0AaaOe25LA7sGJ0MzbfBag==",
      "dev": true,
      "optional": true
    },
    "esbuild-linux-riscv64": {
      "version": "0.14.23",
      "resolved": "https://registry.npmjs.org/esbuild-linux-riscv64/-/esbuild-linux-riscv64-0.14.23.tgz",
      "integrity": "sha512-fbL3ggK2wY0D8I5raPIMPhpCvODFE+Bhb5QGtNP3r5aUsRR6TQV+ZBXIaw84iyvKC8vlXiA4fWLGhghAd/h/Zg==",
      "dev": true,
      "optional": true
    },
    "esbuild-linux-s390x": {
      "version": "0.14.23",
      "resolved": "https://registry.npmjs.org/esbuild-linux-s390x/-/esbuild-linux-s390x-0.14.23.tgz",
      "integrity": "sha512-GHMDCyfy7+FaNSO8RJ8KCFsnax8fLUsOrj9q5Gi2JmZMY0Zhp75keb5abTFCq2/Oy6KVcT0Dcbyo/bFb4rIFJA==",
      "dev": true,
      "optional": true
    },
    "esbuild-netbsd-64": {
      "version": "0.14.23",
      "resolved": "https://registry.npmjs.org/esbuild-netbsd-64/-/esbuild-netbsd-64-0.14.23.tgz",
      "integrity": "sha512-ovk2EX+3rrO1M2lowJfgMb/JPN1VwVYrx0QPUyudxkxLYrWeBxDKQvc6ffO+kB4QlDyTfdtAURrVzu3JeNdA2g==",
      "dev": true,
      "optional": true
    },
    "esbuild-openbsd-64": {
      "version": "0.14.23",
      "resolved": "https://registry.npmjs.org/esbuild-openbsd-64/-/esbuild-openbsd-64-0.14.23.tgz",
      "integrity": "sha512-uYYNqbVR+i7k8ojP/oIROAHO9lATLN7H2QeXKt2H310Fc8FJj4y3Wce6hx0VgnJ4k1JDrgbbiXM8rbEgQyg8KA==",
      "dev": true,
      "optional": true
    },
    "esbuild-sunos-64": {
      "version": "0.14.23",
      "resolved": "https://registry.npmjs.org/esbuild-sunos-64/-/esbuild-sunos-64-0.14.23.tgz",
      "integrity": "sha512-hAzeBeET0+SbScknPzS2LBY6FVDpgE+CsHSpe6CEoR51PApdn2IB0SyJX7vGelXzlyrnorM4CAsRyb9Qev4h9g==",
      "dev": true,
      "optional": true
    },
    "esbuild-windows-32": {
      "version": "0.14.23",
      "resolved": "https://registry.npmjs.org/esbuild-windows-32/-/esbuild-windows-32-0.14.23.tgz",
      "integrity": "sha512-Kttmi3JnohdaREbk6o9e25kieJR379TsEWF0l39PQVHXq3FR6sFKtVPgY8wk055o6IB+rllrzLnbqOw/UV60EA==",
      "dev": true,
      "optional": true
    },
    "esbuild-windows-64": {
      "version": "0.14.23",
      "resolved": "https://registry.npmjs.org/esbuild-windows-64/-/esbuild-windows-64-0.14.23.tgz",
      "integrity": "sha512-JtIT0t8ymkpl6YlmOl6zoSWL5cnCgyLaBdf/SiU/Eg3C13r0NbHZWNT/RDEMKK91Y6t79kTs3vyRcNZbfu5a8g==",
      "dev": true,
      "optional": true
    },
    "esbuild-windows-arm64": {
      "version": "0.14.23",
      "resolved": "https://registry.npmjs.org/esbuild-windows-arm64/-/esbuild-windows-arm64-0.14.23.tgz",
      "integrity": "sha512-cTFaQqT2+ik9e4hePvYtRZQ3pqOvKDVNarzql0VFIzhc0tru/ZgdLoXd6epLiKT+SzoSce6V9YJ+nn6RCn6SHw==",
      "dev": true,
      "optional": true
    },
    "fsevents": {
      "version": "2.3.2",
      "resolved": "https://registry.npmjs.org/fsevents/-/fsevents-2.3.2.tgz",
      "integrity": "sha512-xiqMQR4xAeHTuB9uWm+fFRcIOgKBMiOBP+eXiyT7jsgVCq1bkVygt00oASowB7EdtpOHaaPgKt812P9ab+DDKA==",
      "dev": true,
      "optional": true
    },
    "function-bind": {
      "version": "1.1.1",
      "resolved": "https://registry.npmjs.org/function-bind/-/function-bind-1.1.1.tgz",
      "integrity": "sha512-yIovAzMX49sF8Yl58fSCWJ5svSLuaibPxXQJFLmBObTuCr0Mf1KiPopGM9NiFjiYBCbfaa2Fh6breQ6ANVTI0A==",
      "dev": true
    },
    "has": {
      "version": "1.0.3",
      "resolved": "https://registry.npmjs.org/has/-/has-1.0.3.tgz",
      "integrity": "sha512-f2dvO0VU6Oej7RkWJGrehjbzMAjFp5/VKPp5tTpWIV4JHHZK1/BxbFRtf/siA2SWTe09caDmVtYYzWEIbBS4zw==",
      "dev": true,
      "requires": {
        "function-bind": "^1.1.1"
      }
    },
    "highlight.js": {
      "version": "11.4.0",
      "resolved": "https://registry.npmjs.org/highlight.js/-/highlight.js-11.4.0.tgz",
      "integrity": "sha512-nawlpCBCSASs7EdvZOYOYVkJpGmAOKMYZgZtUqSRqodZE0GRVcFKwo1RcpeOemqh9hyttTdd5wDBwHkuSyUfnA=="
    },
    "is-core-module": {
      "version": "2.8.1",
      "resolved": "https://registry.npmjs.org/is-core-module/-/is-core-module-2.8.1.tgz",
      "integrity": "sha512-SdNCUs284hr40hFTFP6l0IfZ/RSrMXF3qgoRHd3/79unUTvrFO/JoXwkGm+5J/Oe3E/b5GsnG330uUNgRpu1PA==",
      "dev": true,
      "requires": {
        "has": "^1.0.3"
      }
    },
    "lit": {
      "version": "2.1.3",
      "resolved": "https://registry.npmjs.org/lit/-/lit-2.1.3.tgz",
      "integrity": "sha512-46KtKy7iDoY3wZ5VSqBlXll6J/tli5gRMPFRWi5qQ01lvIqcO+dYQwb1l1NYZjbzcHnGnCKrMb8nDv7/ZE4Y4g==",
      "requires": {
        "@lit/reactive-element": "^1.1.0",
        "lit-element": "^3.1.0",
        "lit-html": "^2.1.0"
      }
    },
    "lit-element": {
      "version": "3.1.2",
      "resolved": "https://registry.npmjs.org/lit-element/-/lit-element-3.1.2.tgz",
      "integrity": "sha512-5VLn5a7anAFH7oz6d7TRG3KiTZQ5GEFsAgOKB8Yc+HDyuDUGOT2cL1CYTz/U4b/xlJxO+euP14pyji+z3Z3kOg==",
      "requires": {
        "@lit/reactive-element": "^1.1.0",
        "lit-html": "^2.1.0"
      }
    },
    "lit-html": {
      "version": "2.1.3",
      "resolved": "https://registry.npmjs.org/lit-html/-/lit-html-2.1.3.tgz",
      "integrity": "sha512-WgvdwiNeuoT0mYEEJI+AAV2DEtlqzVM4lyDSaeQSg5ZwhS/CkGJBO/4n66alApEuSS9WXw9+ADBp8SPvtDEKSg==",
      "requires": {
        "@types/trusted-types": "^2.0.2"
      }
    },
    "nanoid": {
      "version": "3.3.1",
      "resolved": "https://registry.npmjs.org/nanoid/-/nanoid-3.3.1.tgz",
      "integrity": "sha512-n6Vs/3KGyxPQd6uO0eH4Bv0ojGSUvuLlIHtC3Y0kEO23YRge8H9x1GCzLn28YX0H66pMkxuaeESFq4tKISKwdw==",
      "dev": true
    },
    "path-parse": {
      "version": "1.0.7",
      "resolved": "https://registry.npmjs.org/path-parse/-/path-parse-1.0.7.tgz",
      "integrity": "sha512-LDJzPVEEEPR+y48z93A0Ed0yXb8pAByGWo/k5YYdYgpY2/2EsOsksJrq7lOHxryrVOn1ejG6oAp8ahvOIQD8sw==",
      "dev": true
    },
    "picocolors": {
      "version": "1.0.0",
      "resolved": "https://registry.npmjs.org/picocolors/-/picocolors-1.0.0.tgz",
      "integrity": "sha512-1fygroTLlHu66zi26VoTDv8yRgm0Fccecssto+MhsZ0D/DGW2sm8E8AjW7NU5VVTRt5GxbeZ5qBuJr+HyLYkjQ==",
      "dev": true
    },
    "postcss": {
      "version": "8.4.7",
      "resolved": "https://registry.npmjs.org/postcss/-/postcss-8.4.7.tgz",
      "integrity": "sha512-L9Ye3r6hkkCeOETQX6iOaWZgjp3LL6Lpqm6EtgbKrgqGGteRMNb9vzBfRL96YOSu8o7x3MfIH9Mo5cPJFGrW6A==",
      "dev": true,
      "requires": {
        "nanoid": "^3.3.1",
        "picocolors": "^1.0.0",
        "source-map-js": "^1.0.2"
      }
    },
    "resolve": {
      "version": "1.22.0",
      "resolved": "https://registry.npmjs.org/resolve/-/resolve-1.22.0.tgz",
      "integrity": "sha512-Hhtrw0nLeSrFQ7phPp4OOcVjLPIeMnRlr5mcnVuMe7M/7eBn98A3hmFRLoFo3DLZkivSYwhRUJTyPyWAk56WLw==",
      "dev": true,
      "requires": {
        "is-core-module": "^2.8.1",
        "path-parse": "^1.0.7",
        "supports-preserve-symlinks-flag": "^1.0.0"
      }
    },
    "rollup": {
      "version": "2.67.1",
      "resolved": "https://registry.npmjs.org/rollup/-/rollup-2.67.1.tgz",
      "integrity": "sha512-1Sbcs4OuW+aD+hhqpIRl+RqooIpF6uQcfzU/QSI7vGkwADY6cM4iLsBGRM2CGLXDTDN5y/yShohFmnKegSPWzg==",
      "dev": true,
      "requires": {
        "fsevents": "~2.3.2"
      }
    },
    "source-map-js": {
      "version": "1.0.2",
      "resolved": "https://registry.npmjs.org/source-map-js/-/source-map-js-1.0.2.tgz",
      "integrity": "sha512-R0XvVJ9WusLiqTCEiGCmICCMplcCkIwwR11mOSD9CR5u+IXYdiseeEuXCVAjS54zqwkLcPNnmU4OeJ6tUrWhDw==",
      "dev": true
    },
    "supports-preserve-symlinks-flag": {
      "version": "1.0.0",
      "resolved": "https://registry.npmjs.org/supports-preserve-symlinks-flag/-/supports-preserve-symlinks-flag-1.0.0.tgz",
      "integrity": "sha512-ot0WnXS9fgdkgIcePe6RHNk1WA8+muPa6cSjeR3V8K27q9BB1rTE3R1p7Hv0z1ZyAc8s6Vvv8DIyWf681MAt0w==",
      "dev": true
    },
    "tslib": {
      "version": "2.3.1",
      "resolved": "https://registry.npmjs.org/tslib/-/tslib-2.3.1.tgz",
      "integrity": "sha512-77EbyPPpMz+FRFRuAFlWMtmgUWGe9UOG2Z25NqCwiIjRhOf5iKGuzSe5P2w1laq+FkRy4p+PCuVkJSGkzTEKVw=="
    },
    "typescript": {
      "version": "4.5.5",
      "resolved": "https://registry.npmjs.org/typescript/-/typescript-4.5.5.tgz",
      "integrity": "sha512-TCTIul70LyWe6IJWT8QSYeA54WQe8EjQFU4wY52Fasj5UKx88LNYKCgBEHcOMOrFF1rKGbD8v/xcNWVUq9SymA==",
      "dev": true
    },
    "vite": {
      "version": "2.8.5",
      "resolved": "https://registry.npmjs.org/vite/-/vite-2.8.5.tgz",
      "integrity": "sha512-C/7EGNa1ugWejol6nOcd/0d8PR70Nzd+XXwsPbnNOfzZw0NN2xyXfmw/GNDHgr5fcaTSO4gjxCJCrwNhQUMhmA==",
      "dev": true,
      "requires": {
        "esbuild": "^0.14.14",
        "fsevents": "~2.3.2",
        "postcss": "^8.4.6",
        "resolve": "^1.22.0",
        "rollup": "^2.59.0"
      }
    }
  }
}
